// !$*UTF8*$!
{
	archiveVersion = 1;
	classes = {
	};
	objectVersion = 46;
	objects = {

/* Begin PBXBuildFile section */
		4619A9591B0E9996000B2B90 /* AppDelegate.swift in Sources */ = {isa = PBXBuildFile; fileRef = 4619A9581B0E9996000B2B90 /* AppDelegate.swift */; };
		4619A95B1B0E9996000B2B90 /* ViewController.swift in Sources */ = {isa = PBXBuildFile; fileRef = 4619A95A1B0E9996000B2B90 /* ViewController.swift */; };
		4619A95E1B0E9996000B2B90 /* Main.storyboard in Resources */ = {isa = PBXBuildFile; fileRef = 4619A95C1B0E9996000B2B90 /* Main.storyboard */; };
		4619A9601B0E9996000B2B90 /* Images.xcassets in Resources */ = {isa = PBXBuildFile; fileRef = 4619A95F1B0E9996000B2B90 /* Images.xcassets */; };
		4619A9631B0E9996000B2B90 /* LaunchScreen.xib in Resources */ = {isa = PBXBuildFile; fileRef = 4619A9611B0E9996000B2B90 /* LaunchScreen.xib */; };
		4619A96F1B0E9997000B2B90 /* HowManyFingersTests.swift in Sources */ = {isa = PBXBuildFile; fileRef = 4619A96E1B0E9997000B2B90 /* HowManyFingersTests.swift */; };
		4619A9791B0E9B47000B2B90 /* hand.jpg in Resources */ = {isa = PBXBuildFile; fileRef = 4619A9781B0E9B47000B2B90 /* hand.jpg */; };
/* End PBXBuildFile section */

/* Begin PBXContainerItemProxy section */
		4619A9691B0E9997000B2B90 /* PBXContainerItemProxy */ = {
			isa = PBXContainerItemProxy;
			containerPortal = 4619A94B1B0E9996000B2B90 /* Project object */;
			proxyType = 1;
			remoteGlobalIDString = 4619A9521B0E9996000B2B90;
			remoteInfo = HowManyFingers;
		};
/* End PBXContainerItemProxy section */

/* Begin PBXFileReference section */
		4619A9531B0E9996000B2B90 /* HowManyFingers.app */ = {isa = PBXFileReference; explicitFileType = wrapper.application; includeInIndex = 0; path = HowManyFingers.app; sourceTree = BUILT_PRODUCTS_DIR; };
		4619A9571B0E9996000B2B90 /* Info.plist */ = {isa = PBXFileReference; lastKnownFileType = text.plist.xml; path = Info.plist; sourceTree = "<group>"; };
		4619A9581B0E9996000B2B90 /* AppDelegate.swift */ = {isa = PBXFileReference; lastKnownFileType = sourcecode.swift; path = AppDelegate.swift; sourceTree = "<group>"; };
		4619A95A1B0E9996000B2B90 /* ViewController.swift */ = {isa = PBXFileReference; lastKnownFileType = sourcecode.swift; path = ViewController.swift; sourceTree = "<group>"; };
		4619A95D1B0E9996000B2B90 /* Base */ = {isa = PBXFileReference; lastKnownFileType = file.storyboard; name = Base; path = Base.lproj/Main.storyboard; sourceTree = "<group>"; };
		4619A95F1B0E9996000B2B90 /* Images.xcassets */ = {isa = PBXFileReference; lastKnownFileType = folder.assetcatalog; path = Images.xcassets; sourceTree = "<group>"; };
		4619A9621B0E9996000B2B90 /* Base */ = {isa = PBXFileReference; lastKnownFileType = file.xib; name = Base; path = Base.lproj/LaunchScreen.xib; sourceTree = "<group>"; };
		4619A9681B0E9997000B2B90 /* HowManyFingersTests.xctest */ = {isa = PBXFileReference; explicitFileType = wrapper.cfbundle; includeInIndex = 0; path = HowManyFingersTests.xctest; sourceTree = BUILT_PRODUCTS_DIR; };
		4619A96D1B0E9997000B2B90 /* Info.plist */ = {isa = PBXFileReference; lastKnownFileType = text.plist.xml; path = Info.plist; sourceTree = "<group>"; };
		4619A96E1B0E9997000B2B90 /* HowManyFingersTests.swift */ = {isa = PBXFileReference; lastKnownFileType = sourcecode.swift; path = HowManyFingersTests.swift; sourceTree = "<group>"; };
		4619A9781B0E9B47000B2B90 /* hand.jpg */ = {isa = PBXFileReference; lastKnownFileType = image.jpeg; name = hand.jpg; path = ../../../Downloads/hand.jpg; sourceTree = "<group>"; };
/* End PBXFileReference section */

/* Begin PBXFrameworksBuildPhase section */
		4619A9501B0E9996000B2B90 /* Frameworks */ = {
			isa = PBXFrameworksBuildPhase;
			buildActionMask = 2147483647;
			files = (
			);
			runOnlyForDeploymentPostprocessing = 0;
		};
		4619A9651B0E9997000B2B90 /* Frameworks */ = {
			isa = PBXFrameworksBuildPhase;
			buildActionMask = 2147483647;
			files = (
			);
			runOnlyForDeploymentPostprocessing = 0;
		};
/* End PBXFrameworksBuildPhase section */

/* Begin PBXGroup section */
		4619A94A1B0E9996000B2B90 = {
			isa = PBXGroup;
			children = (
				4619A9551B0E9996000B2B90 /* HowManyFingers */,
				4619A96B1B0E9997000B2B90 /* HowManyFingersTests */,
				4619A9541B0E9996000B2B90 /* Products */,
			);
			sourceTree = "<group>";
		};
		4619A9541B0E9996000B2B90 /* Products */ = {
			isa = PBXGroup;
			children = (
				4619A9531B0E9996000B2B90 /* HowManyFingers.app */,
				4619A9681B0E9997000B2B90 /* HowManyFingersTests.xctest */,
			);
			name = Products;
			sourceTree = "<group>";
		};
		4619A9551B0E9996000B2B90 /* HowManyFingers */ = {
			isa = PBXGroup;
			children = (
				4619A9581B0E9996000B2B90 /* AppDelegate.swift */,
				4619A95A1B0E9996000B2B90 /* ViewController.swift */,
				4619A9781B0E9B47000B2B90 /* hand.jpg */,
				4619A95C1B0E9996000B2B90 /* Main.storyboard */,
				4619A95F1B0E9996000B2B90 /* Images.xcassets */,
				4619A9611B0E9996000B2B90 /* LaunchScreen.xib */,
				4619A9561B0E9996000B2B90 /* Supporting Files */,
			);
			path = HowManyFingers;
			sourceTree = "<group>";
		};
		4619A9561B0E9996000B2B90 /* Supporting Files */ = {
			isa = PBXGroup;
			children = (
				4619A9571B0E9996000B2B90 /* Info.plist */,
			);
			name = "Supporting Files";
			sourceTree = "<group>";
		};
		4619A96B1B0E9997000B2B90 /* HowManyFingersTests */ = {
			isa = PBXGroup;
			children = (
				4619A96E1B0E9997000B2B90 /* HowManyFingersTests.swift */,
				4619A96C1B0E9997000B2B90 /* Supporting Files */,
			);
			path = HowManyFingersTests;
			sourceTree = "<group>";
		};
		4619A96C1B0E9997000B2B90 /* Supporting Files */ = {
			isa = PBXGroup;
			children = (
				4619A96D1B0E9997000B2B90 /* Info.plist */,
			);
			name = "Supporting Files";
			sourceTree = "<group>";
		};
/* End PBXGroup section */

/* Begin PBXNativeTarget section */
		4619A9521B0E9996000B2B90 /* HowManyFingers */ = {
			isa = PBXNativeTarget;
			buildConfigurationList = 4619A9721B0E9997000B2B90 /* Build configuration list for PBXNativeTarget "HowManyFingers" */;
			buildPhases = (
				4619A94F1B0E9996000B2B90 /* Sources */,
				4619A9501B0E9996000B2B90 /* Frameworks */,
				4619A9511B0E9996000B2B90 /* Resources */,
			);
			buildRules = (
			);
			dependencies = (
			);
			name = HowManyFingers;
			productName = HowManyFingers;
			productReference = 4619A9531B0E9996000B2B90 /* HowManyFingers.app */;
			productType = "com.apple.product-type.application";
		};
		4619A9671B0E9997000B2B90 /* HowManyFingersTests */ = {
			isa = PBXNativeTarget;
			buildConfigurationList = 4619A9751B0E9997000B2B90 /* Build configuration list for PBXNativeTarget "HowManyFingersTests" */;
			buildPhases = (
				4619A9641B0E9997000B2B90 /* Sources */,
				4619A9651B0E9997000B2B90 /* Frameworks */,
				4619A9661B0E9997000B2B90 /* Resources */,
			);
			buildRules = (
			);
			dependencies = (
				4619A96A1B0E9997000B2B90 /* PBXTargetDependency */,
			);
			name = HowManyFingersTests;
			productName = HowManyFingersTests;
			productReference = 4619A9681B0E9997000B2B90 /* HowManyFingersTests.xctest */;
			productType = "com.apple.product-type.bundle.unit-test";
		};
/* End PBXNativeTarget section */

/* Begin PBXProject section */
		4619A94B1B0E9996000B2B90 /* Project object */ = {
			isa = PBXProject;
			attributes = {
				LastUpgradeCheck = 0610;
				ORGANIZATIONNAME = vijayxtreme;
				TargetAttributes = {
					4619A9521B0E9996000B2B90 = {
						CreatedOnToolsVersion = 6.1;
					};
					4619A9671B0E9997000B2B90 = {
						CreatedOnToolsVersion = 6.1;
						TestTargetID = 4619A9521B0E9996000B2B90;
					};
				};
			};
			buildConfigurationList = 4619A94E1B0E9996000B2B90 /* Build configuration list for PBXProject "HowManyFingers" */;
			compatibilityVersion = "Xcode 3.2";
			developmentRegion = English;
			hasScannedForEncodings = 0;
			knownRegions = (
				en,
				Base,
			);
			mainGroup = 4619A94A1B0E9996000B2B90;
			productRefGroup = 4619A9541B0E9996000B2B90 /* Products */;
			projectDirPath = "";
			projectRoot = "";
			targets = (
				4619A9521B0E9996000B2B90 /* HowManyFingers */,
				4619A9671B0E9997000B2B90 /* HowManyFingersTests */,
			);
		};
/* End PBXProject section */

/* Begin PBXResourcesBuildPhase section */
		4619A9511B0E9996000B2B90 /* Resources */ = {
			isa = PBXResourcesBuildPhase;
			buildActionMask = 2147483647;
			files = (
				4619A95E1B0E9996000B2B90 /* Main.storyboard in Resources */,
				4619A9631B0E9996000B2B90 /* LaunchScreen.xib in Resources */,
				4619A9791B0E9B47000B2B90 /* hand.jpg in Resources */,
				4619A9601B0E9996000B2B90 /* Images.xcassets in Resources */,
			);
			runOnlyForDeploymentPostprocessing = 0;
		};
		4619A9661B0E9997000B2B90 /* Resources */ = {
			isa = PBXResourcesBuildPhase;
			buildActionMask = 2147483647;
			files = (
			);
			runOnlyForDeploymentPostprocessing = 0;
		};
/* End PBXResourcesBuildPhase section */

/* Begin PBXSourcesBuildPhase section */
		4619A94F1B0E9996000B2B90 /* Sources */ = {
			isa = PBXSourcesBuildPhase;
			buildActionMask = 2147483647;
			files = (
				4619A95B1B0E9996000B2B90 /* ViewController.swift in Sources */,
				4619A9591B0E9996000B2B90 /* AppDelegate.swift in Sources */,
			);
			runOnlyForDeploymentPostprocessing = 0;
		};
		4619A9641B0E9997000B2B90 /* Sources */ = {
			isa = PBXSourcesBuildPhase;
			buildActionMask = 2147483647;
			files = (
				4619A96F1B0E9997000B2B90 /* HowManyFingersTests.swift in Sources */,
			);
			runOnlyForDeploymentPostprocessing = 0;
		};
/* End PBXSourcesBuildPhase section */

/* Begin PBXTargetDependency section */
		4619A96A1B0E9997000B2B90 /* PBXTargetDependency */ = {
			isa = PBXTargetDependency;
			target = 4619A9521B0E9996000B2B90 /* HowManyFingers */;
			targetProxy = 4619A9691B0E9997000B2B90 /* PBXContainerItemProxy */;
		};
/* End PBXTargetDependency section */

/* Begin PBXVariantGroup section */
		4619A95C1B0E9996000B2B90 /* Main.storyboard */ = {
			isa = PBXVariantGroup;
			children = (
				4619A95D1B0E9996000B2B90 /* Base */,
			);
			name = Main.storyboard;
			sourceTree = "<group>";
		};
		4619A9611B0E9996000B2B90 /* LaunchScreen.xib */ = {
			isa = PBXVariantGroup;
			children = (
				4619A9621B0E9996000B2B90 /* Base */,
			);
			name = LaunchScreen.xib;
			sourceTree = "<group>";
		};
/* End PBXVariantGroup section */

/* Begin XCBuildConfiguration section */
		4619A9701B0E9997000B2B90 /* Debug */ = {
			isa = XCBuildConfiguration;
			buildSettings = {
				ALWAYS_SEARCH_USER_PATHS = NO;
				CLANG_CXX_LANGUAGE_STANDARD = "gnu++0x";
				CLANG_CXX_LIBRARY = "libc++";
				CLANG_ENABLE_MODULES = YES;
				CLANG_ENABLE_OBJC_ARC = YES;
				CLANG_WARN_BOOL_CONVERSION = YES;
				CLANG_WARN_CONSTANT_CONVERSION = YES;
				CLANG_WARN_DIRECT_OBJC_ISA_USAGE = YES_ERROR;
				CLANG_WARN_EMPTY_BODY = YES;
				CLANG_WARN_ENUM_CONVERSION = YES;
				CLANG_WARN_INT_CONVERSION = YES;
				CLANG_WARN_OBJC_ROOT_CLASS = YES_ERROR;
				CLANG_WARN_UNREACHABLE_CODE = YES;
				CLANG_WARN__DUPLICATE_METHOD_MATCH = YES;
				"CODE_SIGN_IDENTITY[sdk=iphoneos*]" = "iPhone Developer";
				COPY_PHASE_STRIP = NO;
				ENABLE_STRICT_OBJC_MSGSEND = YES;
				GCC_C_LANGUAGE_STANDARD = gnu99;
				GCC_DYNAMIC_NO_PIC = NO;
				GCC_OPTIMIZATION_LEVEL = 0;
				GCC_PREPROCESSOR_DEFINITIONS = (
					"DEBUG=1",
					"$(inherited)",
				);
				GCC_SYMBOLS_PRIVATE_EXTERN = NO;
				GCC_WARN_64_TO_32_BIT_CONVERSION = YES;
				GCC_WARN_ABOUT_RETURN_TYPE = YES_ERROR;
				GCC_WARN_UNDECLARED_SELECTOR = YES;
				GCC_WARN_UNINITIALIZED_AUTOS = YES_AGGRESSIVE;
				GCC_WARN_UNUSED_FUNCTION = YES;
				GCC_WARN_UNUSED_VARIABLE = YES;
				IPHONEOS_DEPLOYMENT_TARGET = 8.1;
				MTL_ENABLE_DEBUG_INFO = YES;
				ONLY_ACTIVE_ARCH = YES;
				SDKROOT = iphoneos;
				SWIFT_OPTIMIZATION_LEVEL = "-Onone";
			};
			name = Debug;
		};
		4619A9711B0E9997000B2B90 /* Release */ = {
			isa = XCBuildConfiguration;
			buildSettings = {
				ALWAYS_SEARCH_USER_PATHS = NO;
				CLANG_CXX_LANGUAGE_STANDARD = "gnu++0x";
				CLANG_CXX_LIBRARY = "libc++";
				CLANG_ENABLE_MODULES = YES;
				CLANG_ENABLE_OBJC_ARC = YES;
				CLANG_WARN_BOOL_CONVERSION = YES;
				CLANG_WARN_CONSTANT_CONVERSION = YES;
				CLANG_WARN_DIRECT_OBJC_ISA_USAGE = YES_ERROR;
				CLANG_WARN_EMPTY_BODY = YES;
				CLANG_WARN_ENUM_CONVERSION = YES;
				CLANG_WARN_INT_CONVERSION = YES;
				CLANG_WARN_OBJC_ROOT_CLASS = YES_ERROR;
				CLANG_WARN_UNREACHABLE_CODE = YES;
				CLANG_WARN__DUPLICATE_METHOD_MATCH = YES;
				"CODE_SIGN_IDENTITY[sdk=iphoneos*]" = "iPhone Developer";
				COPY_PHASE_STRIP = YES;
				ENABLE_NS_ASSERTIONS = NO;
				ENABLE_STRICT_OBJC_MSGSEND = YES;
				GCC_C_LANGUAGE_STANDARD = gnu99;
				GCC_WARN_64_TO_32_BIT_CONVERSION = YES;
				GCC_WARN_ABOUT_RETURN_TYPE = YES_ERROR;
				GCC_WARN_UNDECLARED_SELECTOR = YES;
				GCC_WARN_UNINITIALIZED_AUTOS = YES_AGGRESSIVE;
				GCC_WARN_UNUSED_FUNCTION = YES;
				GCC_WARN_UNUSED_VARIABLE = YES;
				IPHONEOS_DEPLOYMENT_TARGET = 8.1;
				MTL_ENABLE_DEBUG_INFO = NO;
				SDKROOT = iphoneos;
				VALIDATE_PRODUCT = YES;
			};
			name = Release;
		};
		4619A9731B0E9997000B2B90 /* Debug */ = {
			isa = XCBuildConfiguration;
			buildSettings = {
				ASSETCATALOG_COMPILER_APPICON_NAME = AppIcon;
				INFOPLIST_FILE = HowManyFingers/Info.plist;
				LD_RUNPATH_SEARCH_PATHS = "$(inherited) @executable_path/Frameworks";
				PRODUCT_NAME = "$(TARGET_NAME)";
			};
			name = Debug;
		};
		4619A9741B0E9997000B2B90 /* Release */ = {
			isa = XCBuildConfiguration;
			buildSettings = {
				ASSETCATALOG_COMPILER_APPICON_NAME = AppIcon;
				INFOPLIST_FILE = HowManyFingers/Info.plist;
				LD_RUNPATH_SEARCH_PATHS = "$(inherited) @executable_path/Frameworks";
				PRODUCT_NAME = "$(TARGET_NAME)";
			};
			name = Release;
		};
		4619A9761B0E9997000B2B90 /* Debug */ = {
			isa = XCBuildConfiguration;
			buildSettings = {
				BUNDLE_LOADER = "$(TEST_HOST)";
				FRAMEWORK_SEARCH_PATHS = (
					"$(SDKROOT)/Developer/Library/Frameworks",
					"$(inherited)",
				);
				GCC_PREPROCESSOR_DEFINITIONS = (
					"DEBUG=1",
					"$(inherited)",
				);
				INFOPLIST_FILE = HowManyFingersTests/Info.plist;
				LD_RUNPATH_SEARCH_PATHS = "$(inherited) @executable_path/Frameworks @loader_path/Frameworks";
				PRODUCT_NAME = "$(TARGET_NAME)";
				TEST_HOST = "$(BUILT_PRODUCTS_DIR)/HowManyFingers.app/HowManyFingers";
			};
			name = Debug;
		};
		4619A9771B0E9997000B2B90 /* Release */ = {
			isa = XCBuildConfiguration;
			buildSettings = {
				BUNDLE_LOADER = "$(TEST_HOST)";
				FRAMEWORK_SEARCH_PATHS = (
					"$(SDKROOT)/Developer/Library/Frameworks",
					"$(inherited)",
				);
				INFOPLIST_FILE = HowManyFingersTests/Info.plist;
				LD_RUNPATH_SEARCH_PATHS = "$(inherited) @executable_path/Frameworks @loader_path/Frameworks";
				PRODUCT_NAME = "$(TARGET_NAME)";
				TEST_HOST = "$(BUILT_PRODUCTS_DIR)/HowManyFingers.app/HowManyFingers";
			};
			name = Release;
		};
/* End XCBuildConfiguration section */

/* Begin XCConfigurationList section */
		4619A94E1B0E9996000B2B90 /* Build configuration list for PBXProject "HowManyFingers" */ = {
			isa = XCConfigurationList;
			buildConfigurations = (
				4619A9701B0E9997000B2B90 /* Debug */,
				4619A9711B0E9997000B2B90 /* Release */,
			);
			defaultConfigurationIsVisible = 0;
			defaultConfigurationName = Release;
		};
		4619A9721B0E9997000B2B90 /* Build configuration list for PBXNativeTarget "HowManyFingers" */ = {
			isa = XCConfigurationList;
			buildConfigurations = (
				4619A9731B0E9997000B2B90 /* Debug */,
				4619A9741B0E9997000B2B90 /* Release */,
			);
			defaultConfigurationIsVisible = 0;
		};
		4619A9751B0E9997000B2B90 /* Build configuration list for PBXNativeTarget "HowManyFingersTests" */ = {
			isa = XCConfigurationList;
			buildConfigurations = (
				4619A9761B0E9997000B2B90 /* Debug */,
				4619A9771B0E9997000B2B90 /* Release */,
			);
			defaultConfigurationIsVisible = 0;
		};
/* End XCConfigurationList section */
	};
	rootObject = 4619A94B1B0E9996000B2B90 /* Project object */;
}
